// !$*UTF8*$!
{
	archiveVersion = 1;
	classes = {
	};
	objectVersion = 46;
	objects = {

/* Begin PBXBuildFile section */
		EF0BD2D81F8BF6B900D058C5 /* DinnerViewController.swift in Sources */ = {isa = PBXBuildFile; fileRef = EF0BD2D71F8BF6B900D058C5 /* DinnerViewController.swift */; };
		EF0BD2DE1F8C26C800D058C5 /* BreakfastViewController.swift in Sources */ = {isa = PBXBuildFile; fileRef = EF0BD2DD1F8C26C800D058C5 /* BreakfastViewController.swift */; };
		EFA7A5F01F87CFA200B6BDA7 /* AppDelegate.swift in Sources */ = {isa = PBXBuildFile; fileRef = EFA7A5EF1F87CFA200B6BDA7 /* AppDelegate.swift */; };
		EFA7A5F21F87CFA200B6BDA7 /* ViewController.swift in Sources */ = {isa = PBXBuildFile; fileRef = EFA7A5F11F87CFA200B6BDA7 /* ViewController.swift */; };
		EFA7A5F51F87CFA200B6BDA7 /* Main.storyboard in Resources */ = {isa = PBXBuildFile; fileRef = EFA7A5F31F87CFA200B6BDA7 /* Main.storyboard */; };
		EFA7A5F71F87CFA200B6BDA7 /* Assets.xcassets in Resources */ = {isa = PBXBuildFile; fileRef = EFA7A5F61F87CFA200B6BDA7 /* Assets.xcassets */; };
		EFA7A5FA1F87CFA200B6BDA7 /* LaunchScreen.storyboard in Resources */ = {isa = PBXBuildFile; fileRef = EFA7A5F81F87CFA200B6BDA7 /* LaunchScreen.storyboard */; };
		EFA7A6051F87CFA200B6BDA7 /* SCMenuTests.swift in Sources */ = {isa = PBXBuildFile; fileRef = EFA7A6041F87CFA200B6BDA7 /* SCMenuTests.swift */; };
		EFA7A6101F87D1B500B6BDA7 /* PopUpViewController.swift in Sources */ = {isa = PBXBuildFile; fileRef = EFA7A60F1F87D1B500B6BDA7 /* PopUpViewController.swift */; };
		EFCCF9201F8A14F1005A7668 /* LunchViewController.swift in Sources */ = {isa = PBXBuildFile; fileRef = EFCCF91F1F8A14F1005A7668 /* LunchViewController.swift */; };
/* End PBXBuildFile section */

/* Begin PBXContainerItemProxy section */
		EFA7A6011F87CFA200B6BDA7 /* PBXContainerItemProxy */ = {
			isa = PBXContainerItemProxy;
			containerPortal = EFA7A5E41F87CFA200B6BDA7 /* Project object */;
			proxyType = 1;
			remoteGlobalIDString = EFA7A5EB1F87CFA200B6BDA7;
			remoteInfo = SCMenu;
		};
/* End PBXContainerItemProxy section */

/* Begin PBXFileReference section */
		EF0BD2D71F8BF6B900D058C5 /* DinnerViewController.swift */ = {isa = PBXFileReference; fileEncoding = 4; lastKnownFileType = sourcecode.swift; name = DinnerViewController.swift; path = ../DinnerViewController.swift; sourceTree = "<group>"; };
		EF0BD2DD1F8C26C800D058C5 /* BreakfastViewController.swift */ = {isa = PBXFileReference; fileEncoding = 4; lastKnownFileType = sourcecode.swift; name = BreakfastViewController.swift; path = ../BreakfastViewController.swift; sourceTree = "<group>"; };
		EFA7A5EC1F87CFA200B6BDA7 /* SCMenu.app */ = {isa = PBXFileReference; explicitFileType = wrapper.application; includeInIndex = 0; path = SCMenu.app; sourceTree = BUILT_PRODUCTS_DIR; };
		EFA7A5EF1F87CFA200B6BDA7 /* AppDelegate.swift */ = {isa = PBXFileReference; lastKnownFileType = sourcecode.swift; path = AppDelegate.swift; sourceTree = "<group>"; };
		EFA7A5F11F87CFA200B6BDA7 /* ViewController.swift */ = {isa = PBXFileReference; lastKnownFileType = sourcecode.swift; path = ViewController.swift; sourceTree = "<group>"; };
		EFA7A5F41F87CFA200B6BDA7 /* Base */ = {isa = PBXFileReference; lastKnownFileType = file.storyboard; name = Base; path = Base.lproj/Main.storyboard; sourceTree = "<group>"; };
		EFA7A5F61F87CFA200B6BDA7 /* Assets.xcassets */ = {isa = PBXFileReference; lastKnownFileType = folder.assetcatalog; path = Assets.xcassets; sourceTree = "<group>"; };
		EFA7A5F91F87CFA200B6BDA7 /* Base */ = {isa = PBXFileReference; lastKnownFileType = file.storyboard; name = Base; path = Base.lproj/LaunchScreen.storyboard; sourceTree = "<group>"; };
		EFA7A5FB1F87CFA200B6BDA7 /* Info.plist */ = {isa = PBXFileReference; lastKnownFileType = text.plist.xml; path = Info.plist; sourceTree = "<group>"; };
		EFA7A6001F87CFA200B6BDA7 /* SCMenuTests.xctest */ = {isa = PBXFileReference; explicitFileType = wrapper.cfbundle; includeInIndex = 0; path = SCMenuTests.xctest; sourceTree = BUILT_PRODUCTS_DIR; };
		EFA7A6041F87CFA200B6BDA7 /* SCMenuTests.swift */ = {isa = PBXFileReference; lastKnownFileType = sourcecode.swift; path = SCMenuTests.swift; sourceTree = "<group>"; };
		EFA7A6061F87CFA200B6BDA7 /* Info.plist */ = {isa = PBXFileReference; lastKnownFileType = text.plist.xml; path = Info.plist; sourceTree = "<group>"; };
		EFA7A60F1F87D1B500B6BDA7 /* PopUpViewController.swift */ = {isa = PBXFileReference; fileEncoding = 4; lastKnownFileType = sourcecode.swift; path = PopUpViewController.swift; sourceTree = "<group>"; };
		EFCCF91F1F8A14F1005A7668 /* LunchViewController.swift */ = {isa = PBXFileReference; fileEncoding = 4; lastKnownFileType = sourcecode.swift; name = LunchViewController.swift; path = ../LunchViewController.swift; sourceTree = "<group>"; };
/* End PBXFileReference section */

/* Begin PBXFrameworksBuildPhase section */
		EFA7A5E91F87CFA200B6BDA7 /* Frameworks */ = {
			isa = PBXFrameworksBuildPhase;
			buildActionMask = 2147483647;
			files = (
			);
			runOnlyForDeploymentPostprocessing = 0;
		};
		EFA7A5FD1F87CFA200B6BDA7 /* Frameworks */ = {
			isa = PBXFrameworksBuildPhase;
			buildActionMask = 2147483647;
			files = (
			);
			runOnlyForDeploymentPostprocessing = 0;
		};
/* End PBXFrameworksBuildPhase section */

/* Begin PBXGroup section */
		EFA7A5E31F87CFA200B6BDA7 = {
			isa = PBXGroup;
			children = (
				EFA7A5EE1F87CFA200B6BDA7 /* SCMenu */,
				EFA7A6031F87CFA200B6BDA7 /* SCMenuTests */,
				EFA7A5ED1F87CFA200B6BDA7 /* Products */,
			);
			sourceTree = "<group>";
		};
		EFA7A5ED1F87CFA200B6BDA7 /* Products */ = {
			isa = PBXGroup;
			children = (
				EFA7A5EC1F87CFA200B6BDA7 /* SCMenu.app */,
				EFA7A6001F87CFA200B6BDA7 /* SCMenuTests.xctest */,
			);
			name = Products;
			sourceTree = "<group>";
		};
		EFA7A5EE1F87CFA200B6BDA7 /* SCMenu */ = {
			isa = PBXGroup;
			children = (
				EFA7A5EF1F87CFA200B6BDA7 /* AppDelegate.swift */,
				EFA7A5F31F87CFA200B6BDA7 /* Main.storyboard */,
				EFA7A5F11F87CFA200B6BDA7 /* ViewController.swift */,
				EF0BD2DD1F8C26C800D058C5 /* BreakfastViewController.swift */,
				EFCCF91F1F8A14F1005A7668 /* LunchViewController.swift */,
				EF0BD2D71F8BF6B900D058C5 /* DinnerViewController.swift */,
				EFA7A60F1F87D1B500B6BDA7 /* PopUpViewController.swift */,
				EFA7A5F61F87CFA200B6BDA7 /* Assets.xcassets */,
				EFA7A5F81F87CFA200B6BDA7 /* LaunchScreen.storyboard */,
				EFA7A5FB1F87CFA200B6BDA7 /* Info.plist */,
			);
			path = SCMenu;
			sourceTree = "<group>";
		};
		EFA7A6031F87CFA200B6BDA7 /* SCMenuTests */ = {
			isa = PBXGroup;
			children = (
				EFA7A6041F87CFA200B6BDA7 /* SCMenuTests.swift */,
				EFA7A6061F87CFA200B6BDA7 /* Info.plist */,
			);
			path = SCMenuTests;
			sourceTree = "<group>";
		};
/* End PBXGroup section */

/* Begin PBXNativeTarget section */
		EFA7A5EB1F87CFA200B6BDA7 /* SCMenu */ = {
			isa = PBXNativeTarget;
			buildConfigurationList = EFA7A6091F87CFA200B6BDA7 /* Build configuration list for PBXNativeTarget "SCMenu" */;
			buildPhases = (
				EFA7A5E81F87CFA200B6BDA7 /* Sources */,
				EFA7A5E91F87CFA200B6BDA7 /* Frameworks */,
				EFA7A5EA1F87CFA200B6BDA7 /* Resources */,
			);
			buildRules = (
			);
			dependencies = (
			);
			name = SCMenu;
			productName = SCMenu;
			productReference = EFA7A5EC1F87CFA200B6BDA7 /* SCMenu.app */;
			productType = "com.apple.product-type.application";
		};
		EFA7A5FF1F87CFA200B6BDA7 /* SCMenuTests */ = {
			isa = PBXNativeTarget;
			buildConfigurationList = EFA7A60C1F87CFA200B6BDA7 /* Build configuration list for PBXNativeTarget "SCMenuTests" */;
			buildPhases = (
				EFA7A5FC1F87CFA200B6BDA7 /* Sources */,
				EFA7A5FD1F87CFA200B6BDA7 /* Frameworks */,
				EFA7A5FE1F87CFA200B6BDA7 /* Resources */,
			);
			buildRules = (
			);
			dependencies = (
				EFA7A6021F87CFA200B6BDA7 /* PBXTargetDependency */,
			);
			name = SCMenuTests;
			productName = SCMenuTests;
			productReference = EFA7A6001F87CFA200B6BDA7 /* SCMenuTests.xctest */;
			productType = "com.apple.product-type.bundle.unit-test";
		};
/* End PBXNativeTarget section */

/* Begin PBXProject section */
		EFA7A5E41F87CFA200B6BDA7 /* Project object */ = {
			isa = PBXProject;
			attributes = {
				LastSwiftUpdateCheck = 0720;
				LastUpgradeCheck = 0720;
				ORGANIZATIONNAME = kkosyka;
				TargetAttributes = {
					EFA7A5EB1F87CFA200B6BDA7 = {
						CreatedOnToolsVersion = 7.2.1;
						DevelopmentTeam = 6C4842Z3BH;
					};
					EFA7A5FF1F87CFA200B6BDA7 = {
						CreatedOnToolsVersion = 7.2.1;
						DevelopmentTeam = 6C4842Z3BH;
						TestTargetID = EFA7A5EB1F87CFA200B6BDA7;
					};
				};
			};
			buildConfigurationList = EFA7A5E71F87CFA200B6BDA7 /* Build configuration list for PBXProject "SCMenu" */;
			compatibilityVersion = "Xcode 3.2";
			developmentRegion = English;
			hasScannedForEncodings = 0;
			knownRegions = (
				en,
				Base,
			);
			mainGroup = EFA7A5E31F87CFA200B6BDA7;
			productRefGroup = EFA7A5ED1F87CFA200B6BDA7 /* Products */;
			projectDirPath = "";
			projectRoot = "";
			targets = (
				EFA7A5EB1F87CFA200B6BDA7 /* SCMenu */,
				EFA7A5FF1F87CFA200B6BDA7 /* SCMenuTests */,
			);
		};
/* End PBXProject section */

/* Begin PBXResourcesBuildPhase section */
		EFA7A5EA1F87CFA200B6BDA7 /* Resources */ = {
			isa = PBXResourcesBuildPhase;
			buildActionMask = 2147483647;
			files = (
				EFA7A5FA1F87CFA200B6BDA7 /* LaunchScreen.storyboard in Resources */,
				EFA7A5F71F87CFA200B6BDA7 /* Assets.xcassets in Resources */,
				EFA7A5F51F87CFA200B6BDA7 /* Main.storyboard in Resources */,
			);
			runOnlyForDeploymentPostprocessing = 0;
		};
		EFA7A5FE1F87CFA200B6BDA7 /* Resources */ = {
			isa = PBXResourcesBuildPhase;
			buildActionMask = 2147483647;
			files = (
			);
			runOnlyForDeploymentPostprocessing = 0;
		};
/* End PBXResourcesBuildPhase section */

/* Begin PBXSourcesBuildPhase section */
		EFA7A5E81F87CFA200B6BDA7 /* Sources */ = {
			isa = PBXSourcesBuildPhase;
			buildActionMask = 2147483647;
			files = (
				EF0BD2D81F8BF6B900D058C5 /* DinnerViewController.swift in Sources */,
				EFA7A5F21F87CFA200B6BDA7 /* ViewController.swift in Sources */,
				EF0BD2DE1F8C26C800D058C5 /* BreakfastViewController.swift in Sources */,
				EFCCF9201F8A14F1005A7668 /* LunchViewController.swift in Sources */,
				EFA7A6101F87D1B500B6BDA7 /* PopUpViewController.swift in Sources */,
				EFA7A5F01F87CFA200B6BDA7 /* AppDelegate.swift in Sources */,
			);
			runOnlyForDeploymentPostprocessing = 0;
		};
		EFA7A5FC1F87CFA200B6BDA7 /* Sources */ = {
			isa = PBXSourcesBuildPhase;
			buildActionMask = 2147483647;
			files = (
				EFA7A6051F87CFA200B6BDA7 /* SCMenuTests.swift in Sources */,
			);
			runOnlyForDeploymentPostprocessing = 0;
		};
/* End PBXSourcesBuildPhase section */

/* Begin PBXTargetDependency section */
		EFA7A6021F87CFA200B6BDA7 /* PBXTargetDependency */ = {
			isa = PBXTargetDependency;
			target = EFA7A5EB1F87CFA200B6BDA7 /* SCMenu */;
			targetProxy = EFA7A6011F87CFA200B6BDA7 /* PBXContainerItemProxy */;
		};
/* End PBXTargetDependency section */

/* Begin PBXVariantGroup section */
		EFA7A5F31F87CFA200B6BDA7 /* Main.storyboard */ = {
			isa = PBXVariantGroup;
			children = (
				EFA7A5F41F87CFA200B6BDA7 /* Base */,
			);
			name = Main.storyboard;
			sourceTree = "<group>";
		};
		EFA7A5F81F87CFA200B6BDA7 /* LaunchScreen.storyboard */ = {
			isa = PBXVariantGroup;
			children = (
				EFA7A5F91F87CFA200B6BDA7 /* Base */,
			);
			name = LaunchScreen.storyboard;
			sourceTree = "<group>";
		};
/* End PBXVariantGroup section */

/* Begin XCBuildConfiguration section */
		EFA7A6071F87CFA200B6BDA7 /* Debug */ = {
			isa = XCBuildConfiguration;
			buildSettings = {
				ALWAYS_SEARCH_USER_PATHS = NO;
				CLANG_CXX_LANGUAGE_STANDARD = "gnu++0x";
				CLANG_CXX_LIBRARY = "libc++";
				CLANG_ENABLE_MODULES = YES;
				CLANG_ENABLE_OBJC_ARC = YES;
				CLANG_WARN_BOOL_CONVERSION = YES;
				CLANG_WARN_CONSTANT_CONVERSION = YES;
				CLANG_WARN_DIRECT_OBJC_ISA_USAGE = YES_ERROR;
				CLANG_WARN_EMPTY_BODY = YES;
				CLANG_WARN_ENUM_CONVERSION = YES;
				CLANG_WARN_INT_CONVERSION = YES;
				CLANG_WARN_OBJC_ROOT_CLASS = YES_ERROR;
				CLANG_WARN_UNREACHABLE_CODE = YES;
				CLANG_WARN__DUPLICATE_METHOD_MATCH = YES;
				"CODE_SIGN_IDENTITY[sdk=iphoneos*]" = "iPhone Developer";
				COPY_PHASE_STRIP = NO;
				DEBUG_INFORMATION_FORMAT = dwarf;
				ENABLE_STRICT_OBJC_MSGSEND = YES;
				ENABLE_TESTABILITY = YES;
				GCC_C_LANGUAGE_STANDARD = gnu99;
				GCC_DYNAMIC_NO_PIC = NO;
				GCC_NO_COMMON_BLOCKS = YES;
				GCC_OPTIMIZATION_LEVEL = 0;
				GCC_PREPROCESSOR_DEFINITIONS = (
					"DEBUG=1",
					"$(inherited)",
				);
				GCC_WARN_64_TO_32_BIT_CONVERSION = YES;
				GCC_WARN_ABOUT_RETURN_TYPE = YES_ERROR;
				GCC_WARN_UNDECLARED_SELECTOR = YES;
				GCC_WARN_UNINITIALIZED_AUTOS = YES_AGGRESSIVE;
				GCC_WARN_UNUSED_FUNCTION = YES;
				GCC_WARN_UNUSED_VARIABLE = YES;
				IPHONEOS_DEPLOYMENT_TARGET = 9.2;
				MTL_ENABLE_DEBUG_INFO = YES;
				ONLY_ACTIVE_ARCH = YES;
				SDKROOT = iphoneos;
				SWIFT_OPTIMIZATION_LEVEL = "-Onone";
				TARGETED_DEVICE_FAMILY = "1,2";
			};
			name = Debug;
		};
		EFA7A6081F87CFA200B6BDA7 /* Release */ = {
			isa = XCBuildConfiguration;
			buildSettings = {
				ALWAYS_SEARCH_USER_PATHS = NO;
				CLANG_CXX_LANGUAGE_STANDARD = "gnu++0x";
				CLANG_CXX_LIBRARY = "libc++";
				CLANG_ENABLE_MODULES = YES;
				CLANG_ENABLE_OBJC_ARC = YES;
				CLANG_WARN_BOOL_CONVERSION = YES;
				CLANG_WARN_CONSTANT_CONVERSION = YES;
				CLANG_WARN_DIRECT_OBJC_ISA_USAGE = YES_ERROR;
				CLANG_WARN_EMPTY_BODY = YES;
				CLANG_WARN_ENUM_CONVERSION = YES;
				CLANG_WARN_INT_CONVERSION = YES;
				CLANG_WARN_OBJC_ROOT_CLASS = YES_ERROR;
				CLANG_WARN_UNREACHABLE_CODE = YES;
				CLANG_WARN__DUPLICATE_METHOD_MATCH = YES;
				"CODE_SIGN_IDENTITY[sdk=iphoneos*]" = "iPhone Developer";
				COPY_PHASE_STRIP = NO;
				DEBUG_INFORMATION_FORMAT = "dwarf-with-dsym";
				ENABLE_NS_ASSERTIONS = NO;
				ENABLE_STRICT_OBJC_MSGSEND = YES;
				GCC_C_LANGUAGE_STANDARD = gnu99;
				GCC_NO_COMMON_BLOCKS = YES;
				GCC_WARN_64_TO_32_BIT_CONVERSION = YES;
				GCC_WARN_ABOUT_RETURN_TYPE = YES_ERROR;
				GCC_WARN_UNDECLARED_SELECTOR = YES;
				GCC_WARN_UNINITIALIZED_AUTOS = YES_AGGRESSIVE;
				GCC_WARN_UNUSED_FUNCTION = YES;
				GCC_WARN_UNUSED_VARIABLE = YES;
				IPHONEOS_DEPLOYMENT_TARGET = 9.2;
				MTL_ENABLE_DEBUG_INFO = NO;
				SDKROOT = iphoneos;
				TARGETED_DEVICE_FAMILY = "1,2";
				VALIDATE_PRODUCT = YES;
			};
			name = Release;
		};
		EFA7A60A1F87CFA200B6BDA7 /* Debug */ = {
			isa = XCBuildConfiguration;
			buildSettings = {
				ASSETCATALOG_COMPILER_APPICON_NAME = AppIcon;
				INFOPLIST_FILE = SCMenu/Info.plist;
				LD_RUNPATH_SEARCH_PATHS = "$(inherited) @executable_path/Frameworks";
				PRODUCT_BUNDLE_IDENTIFIER = com.example.SCMenu;
				PRODUCT_NAME = "$(TARGET_NAME)";
			};
			name = Debug;
		};
		EFA7A60B1F87CFA200B6BDA7 /* Release */ = {
			isa = XCBuildConfiguration;
			buildSettings = {
				ASSETCATALOG_COMPILER_APPICON_NAME = AppIcon;
				INFOPLIST_FILE = SCMenu/Info.plist;
				LD_RUNPATH_SEARCH_PATHS = "$(inherited) @executable_path/Frameworks";
				PRODUCT_BUNDLE_IDENTIFIER = com.example.SCMenu;
				PRODUCT_NAME = "$(TARGET_NAME)";
			};
			name = Release;
		};
		EFA7A60D1F87CFA200B6BDA7 /* Debug */ = {
			isa = XCBuildConfiguration;
			buildSettings = {
				BUNDLE_LOADER = "$(TEST_HOST)";
				INFOPLIST_FILE = SCMenuTests/Info.plist;
				LD_RUNPATH_SEARCH_PATHS = "$(inherited) @executable_path/Frameworks @loader_path/Frameworks";
				PRODUCT_BUNDLE_IDENTIFIER = com.example.SCMenuTests;
				PRODUCT_NAME = "$(TARGET_NAME)";
				TEST_HOST = "$(BUILT_PRODUCTS_DIR)/SCMenu.app/SCMenu";
			};
			name = Debug;
		};
		EFA7A60E1F87CFA200B6BDA7 /* Release */ = {
			isa = XCBuildConfiguration;
			buildSettings = {
				BUNDLE_LOADER = "$(TEST_HOST)";
				INFOPLIST_FILE = SCMenuTests/Info.plist;
				LD_RUNPATH_SEARCH_PATHS = "$(inherited) @executable_path/Frameworks @loader_path/Frameworks";
				PRODUCT_BUNDLE_IDENTIFIER = com.example.SCMenuTests;
				PRODUCT_NAME = "$(TARGET_NAME)";
				TEST_HOST = "$(BUILT_PRODUCTS_DIR)/SCMenu.app/SCMenu";
			};
			name = Release;
		};
/* End XCBuildConfiguration section */

/* Begin XCConfigurationList section */
		EFA7A5E71F87CFA200B6BDA7 /* Build configuration list for PBXProject "SCMenu" */ = {
			isa = XCConfigurationList;
			buildConfigurations = (
				EFA7A6071F87CFA200B6BDA7 /* Debug */,
				EFA7A6081F87CFA200B6BDA7 /* Release */,
			);
			defaultConfigurationIsVisible = 0;
			defaultConfigurationName = Release;
		};
		EFA7A6091F87CFA200B6BDA7 /* Build configuration list for PBXNativeTarget "SCMenu" */ = {
			isa = XCConfigurationList;
			buildConfigurations = (
				EFA7A60A1F87CFA200B6BDA7 /* Debug */,
				EFA7A60B1F87CFA200B6BDA7 /* Release */,
			);
			defaultConfigurationIsVisible = 0;
			defaultConfigurationName = Release;
		};
		EFA7A60C1F87CFA200B6BDA7 /* Build configuration list for PBXNativeTarget "SCMenuTests" */ = {
			isa = XCConfigurationList;
			buildConfigurations = (
				EFA7A60D1F87CFA200B6BDA7 /* Debug */,
				EFA7A60E1F87CFA200B6BDA7 /* Release */,
			);
			defaultConfigurationIsVisible = 0;
			defaultConfigurationName = Release;
		};
/* End XCConfigurationList section */
	};
	rootObject = EFA7A5E41F87CFA200B6BDA7 /* Project object */;
}
